
Microsoft Visual Studio Solution File, Format Version 12.00
# Visual Studio Version 16
VisualStudioVersion = 16.0.29519.87
MinimumVisualStudioVersion = 10.0.40219.1
Project("{FAE04EC0-301F-11D3-BF4B-00C04F79EFBC}") = "EVClassLib", "EVClassLib\EVClassLib.csproj", "{DDFCAB45-1636-41E7-A558-89BE6B908D62}"
EndProject
Project("{FAE04EC0-301F-11D3-BF4B-00C04F79EFBC}") = "SharkSmart", "SharkSmart\SharkSmart.csproj", "{8BA849E9-BB29-4834-A99C-9F554BC8F9ED}"
EndProject
Global
	GlobalSection(SolutionConfigurationPlatforms) = preSolution
		Debug|Any CPU = Debug|Any CPU
		Debug|x64 = Debug|x64
		Debug|x86 = Debug|x86
		Release|Any CPU = Release|Any CPU
		Release|x64 = Release|x64
		Release|x86 = Release|x86
	EndGlobalSection
	GlobalSection(ProjectConfigurationPlatforms) = postSolution
		{DDFCAB45-1636-41E7-A558-89BE6B908D62}.Debug|Any CPU.ActiveCfg = Debug|Any CPU
		{DDFCAB45-1636-41E7-A558-89BE6B908D62}.Debug|Any CPU.Build.0 = Debug|Any CPU
		{DDFCAB45-1636-41E7-A558-89BE6B908D62}.Debug|x64.ActiveCfg = Debug|Any CPU
		{DDFCAB45-1636-41E7-A558-89BE6B908D62}.Debug|x64.Build.0 = Debug|Any CPU
		{DDFCAB45-1636-41E7-A558-89BE6B908D62}.Debug|x86.ActiveCfg = Debug|Any CPU
		{DDFCAB45-1636-41E7-A558-89BE6B908D62}.Debug|x86.Build.0 = Debug|Any CPU
		{DDFCAB45-1636-41E7-A558-89BE6B908D62}.Release|Any CPU.ActiveCfg = Release|Any CPU
		{DDFCAB45-1636-41E7-A558-89BE6B908D62}.Release|Any CPU.Build.0 = Release|Any CPU
		{DDFCAB45-1636-41E7-A558-89BE6B908D62}.Release|x64.ActiveCfg = Release|Any CPU
		{DDFCAB45-1636-41E7-A558-89BE6B908D62}.Release|x64.Build.0 = Release|Any CPU
		{DDFCAB45-1636-41E7-A558-89BE6B908D62}.Release|x86.ActiveCfg = Release|Any CPU
		{DDFCAB45-1636-41E7-A558-89BE6B908D62}.Release|x86.Build.0 = Release|Any CPU
		{8BA849E9-BB29-4834-A99C-9F554BC8F9ED}.Debug|Any CPU.ActiveCfg = Debug|Any CPU
		{8BA849E9-BB29-4834-A99C-9F554BC8F9ED}.Debug|Any CPU.Build.0 = Debug|Any CPU
		{8BA849E9-BB29-4834-A99C-9F554BC8F9ED}.Debug|x64.ActiveCfg = Debug|Any CPU
		{8BA849E9-BB29-4834-A99C-9F554BC8F9ED}.Debug|x64.Build.0 = Debug|Any CPU
		{8BA849E9-BB29-4834-A99C-9F554BC8F9ED}.Debug|x86.ActiveCfg = Debug|Any CPU
		{8BA849E9-BB29-4834-A99C-9F554BC8F9ED}.Debug|x86.Build.0 = Debug|Any CPU
		{8BA849E9-BB29-4834-A99C-9F554BC8F9ED}.Release|Any CPU.ActiveCfg = Release|Any CPU
		{8BA849E9-BB29-4834-A99C-9F554BC8F9ED}.Release|Any CPU.Build.0 = Release|Any CPU
		{8BA849E9-BB29-4834-A99C-9F554BC8F9ED}.Release|x64.ActiveCfg = Release|Any CPU
		{8BA849E9-BB29-4834-A99C-9F554BC8F9ED}.Release|x64.Build.0 = Release|Any CPU
		{8BA849E9-BB29-4834-A99C-9F554BC8F9ED}.Release|x86.ActiveCfg = Release|Any CPU
		{8BA849E9-BB29-4834-A99C-9F554BC8F9ED}.Release|x86.Build.0 = Release|Any CPU
	EndGlobalSection
	GlobalSection(SolutionProperties) = preSolution
		HideSolutionNode = FALSE
	EndGlobalSection
	GlobalSection(ExtensibilityGlobals) = postSolution
		SolutionGuid = {AACFEEE1-ACFA-46B8-A494-EC55B1FBBCCA}
	EndGlobalSection
EndGlobal
